
Microsoft Visual Studio Solution File, Format Version 12.00
# Visual Studio Version 17
VisualStudioVersion = 17.8.34322.80
MinimumVisualStudioVersion = 10.0.40219.1
Project("{FAE04EC0-301F-11D3-BF4B-00C04F79EFBC}") = "ChatServer", "ChatServer\ChatServer.csproj", "{F50463BB-7B7C-44F0-AE12-3B9DEA317D11}"
EndProject
Project("{FAE04EC0-301F-11D3-BF4B-00C04F79EFBC}") = "ChatClient", "ChatClient1\ChatClient.csproj", "{93CCF8D7-8515-4187-9FD3-85A57633581C}"
EndProject
Global
	GlobalSection(SolutionConfigurationPlatforms) = preSolution
		Debug|Any CPU = Debug|Any CPU
		Release|Any CPU = Release|Any CPU
	EndGlobalSection
	GlobalSection(ProjectConfigurationPlatforms) = postSolution
		{F50463BB-7B7C-44F0-AE12-3B9DEA317D11}.Debug|Any CPU.ActiveCfg = Debug|Any CPU
		{F50463BB-7B7C-44F0-AE12-3B9DEA317D11}.Debug|Any CPU.Build.0 = Debug|Any CPU
		{F50463BB-7B7C-44F0-AE12-3B9DEA317D11}.Release|Any CPU.ActiveCfg = Release|Any CPU
		{F50463BB-7B7C-44F0-AE12-3B9DEA317D11}.Release|Any CPU.Build.0 = Release|Any CPU
		{93CCF8D7-8515-4187-9FD3-85A57633581C}.Debug|Any CPU.ActiveCfg = Debug|Any CPU
		{93CCF8D7-8515-4187-9FD3-85A57633581C}.Debug|Any CPU.Build.0 = Debug|Any CPU
		{93CCF8D7-8515-4187-9FD3-85A57633581C}.Release|Any CPU.ActiveCfg = Release|Any CPU
		{93CCF8D7-8515-4187-9FD3-85A57633581C}.Release|Any CPU.Build.0 = Release|Any CPU
	EndGlobalSection
	GlobalSection(SolutionProperties) = preSolution
		HideSolutionNode = FALSE
	EndGlobalSection
	GlobalSection(ExtensibilityGlobals) = postSolution
		SolutionGuid = {CDFCEA1F-3833-455F-809E-FB3F85BB634A}
	EndGlobalSection
EndGlobal
